// !$*UTF8*$!
{
	archiveVersion = 1;
	classes = {
	};
	objectVersion = 46;
	objects = {

/* Begin PBXBuildFile section */
		E855B03A1F64157500E81647 /* main.m in Sources */ = {isa = PBXBuildFile; fileRef = E855B0391F64157500E81647 /* main.m */; };
		E855B03D1F64157500E81647 /* AppDelegate.m in Sources */ = {isa = PBXBuildFile; fileRef = E855B03C1F64157500E81647 /* AppDelegate.m */; };
		E855B0401F64157500E81647 /* ViewController.m in Sources */ = {isa = PBXBuildFile; fileRef = E855B03F1F64157500E81647 /* ViewController.m */; };
		E855B0431F64157500E81647 /* Main.storyboard in Resources */ = {isa = PBXBuildFile; fileRef = E855B0411F64157500E81647 /* Main.storyboard */; };
		E855B0451F64157500E81647 /* Assets.xcassets in Resources */ = {isa = PBXBuildFile; fileRef = E855B0441F64157500E81647 /* Assets.xcassets */; };
		E855B0481F64157500E81647 /* LaunchScreen.storyboard in Resources */ = {isa = PBXBuildFile; fileRef = E855B0461F64157500E81647 /* LaunchScreen.storyboard */; };
		E855B0531F64157500E81647 /* __DemoTests.m in Sources */ = {isa = PBXBuildFile; fileRef = E855B0521F64157500E81647 /* __DemoTests.m */; };
		E855B05E1F64157500E81647 /* __DemoUITests.m in Sources */ = {isa = PBXBuildFile; fileRef = E855B05D1F64157500E81647 /* __DemoUITests.m */; };
		E855B0731F64158B00E81647 /* CustomActionSheet.m in Sources */ = {isa = PBXBuildFile; fileRef = E855B06D1F64158B00E81647 /* CustomActionSheet.m */; };
		E855B0741F64158B00E81647 /* JZLocationConverter.m in Sources */ = {isa = PBXBuildFile; fileRef = E855B0701F64158B00E81647 /* JZLocationConverter.m */; };
		E855B0751F64158B00E81647 /* MapNavigationTool.m in Sources */ = {isa = PBXBuildFile; fileRef = E855B0721F64158B00E81647 /* MapNavigationTool.m */; };
		E855B0791F641A3800E81647 /* UIColor+Extension.m in Sources */ = {isa = PBXBuildFile; fileRef = E855B0781F641A3800E81647 /* UIColor+Extension.m */; };
		E855B07C1F641A5E00E81647 /* UIView+Extensions.m in Sources */ = {isa = PBXBuildFile; fileRef = E855B07B1F641A5E00E81647 /* UIView+Extensions.m */; };
/* End PBXBuildFile section */

/* Begin PBXContainerItemProxy section */
		E855B04F1F64157500E81647 /* PBXContainerItemProxy */ = {
			isa = PBXContainerItemProxy;
			containerPortal = E855B02D1F64157500E81647 /* Project object */;
			proxyType = 1;
			remoteGlobalIDString = E855B0341F64157500E81647;
			remoteInfo = "导航Demo";
		};
		E855B05A1F64157500E81647 /* PBXContainerItemProxy */ = {
			isa = PBXContainerItemProxy;
			containerPortal = E855B02D1F64157500E81647 /* Project object */;
			proxyType = 1;
			remoteGlobalIDString = E855B0341F64157500E81647;
			remoteInfo = "导航Demo";
		};
/* End PBXContainerItemProxy section */

/* Begin PBXFileReference section */
		E855B0351F64157500E81647 /* 导航Demo.app */ = {isa = PBXFileReference; explicitFileType = wrapper.application; includeInIndex = 0; path = "导航Demo.app"; sourceTree = BUILT_PRODUCTS_DIR; };
		E855B0391F64157500E81647 /* main.m */ = {isa = PBXFileReference; lastKnownFileType = sourcecode.c.objc; path = main.m; sourceTree = "<group>"; };
		E855B03B1F64157500E81647 /* AppDelegate.h */ = {isa = PBXFileReference; lastKnownFileType = sourcecode.c.h; path = AppDelegate.h; sourceTree = "<group>"; };
		E855B03C1F64157500E81647 /* AppDelegate.m */ = {isa = PBXFileReference; lastKnownFileType = sourcecode.c.objc; path = AppDelegate.m; sourceTree = "<group>"; };
		E855B03E1F64157500E81647 /* ViewController.h */ = {isa = PBXFileReference; lastKnownFileType = sourcecode.c.h; path = ViewController.h; sourceTree = "<group>"; };
		E855B03F1F64157500E81647 /* ViewController.m */ = {isa = PBXFileReference; lastKnownFileType = sourcecode.c.objc; path = ViewController.m; sourceTree = "<group>"; };
		E855B0421F64157500E81647 /* Base */ = {isa = PBXFileReference; lastKnownFileType = file.storyboard; name = Base; path = Base.lproj/Main.storyboard; sourceTree = "<group>"; };
		E855B0441F64157500E81647 /* Assets.xcassets */ = {isa = PBXFileReference; lastKnownFileType = folder.assetcatalog; path = Assets.xcassets; sourceTree = "<group>"; };
		E855B0471F64157500E81647 /* Base */ = {isa = PBXFileReference; lastKnownFileType = file.storyboard; name = Base; path = Base.lproj/LaunchScreen.storyboard; sourceTree = "<group>"; };
		E855B0491F64157500E81647 /* Info.plist */ = {isa = PBXFileReference; lastKnownFileType = text.plist.xml; path = Info.plist; sourceTree = "<group>"; };
		E855B04E1F64157500E81647 /* 导航DemoTests.xctest */ = {isa = PBXFileReference; explicitFileType = wrapper.cfbundle; includeInIndex = 0; path = "导航DemoTests.xctest"; sourceTree = BUILT_PRODUCTS_DIR; };
		E855B0521F64157500E81647 /* __DemoTests.m */ = {isa = PBXFileReference; lastKnownFileType = sourcecode.c.objc; path = __DemoTests.m; sourceTree = "<group>"; };
		E855B0541F64157500E81647 /* Info.plist */ = {isa = PBXFileReference; lastKnownFileType = text.plist.xml; path = Info.plist; sourceTree = "<group>"; };
		E855B0591F64157500E81647 /* 导航DemoUITests.xctest */ = {isa = PBXFileReference; explicitFileType = wrapper.cfbundle; includeInIndex = 0; path = "导航DemoUITests.xctest"; sourceTree = BUILT_PRODUCTS_DIR; };
		E855B05D1F64157500E81647 /* __DemoUITests.m */ = {isa = PBXFileReference; lastKnownFileType = sourcecode.c.objc; path = __DemoUITests.m; sourceTree = "<group>"; };
		E855B05F1F64157500E81647 /* Info.plist */ = {isa = PBXFileReference; lastKnownFileType = text.plist.xml; path = Info.plist; sourceTree = "<group>"; };
		E855B06C1F64158B00E81647 /* CustomActionSheet.h */ = {isa = PBXFileReference; fileEncoding = 4; lastKnownFileType = sourcecode.c.h; path = CustomActionSheet.h; sourceTree = "<group>"; };
		E855B06D1F64158B00E81647 /* CustomActionSheet.m */ = {isa = PBXFileReference; fileEncoding = 4; lastKnownFileType = sourcecode.c.objc; path = CustomActionSheet.m; sourceTree = "<group>"; };
		E855B06F1F64158B00E81647 /* JZLocationConverter.h */ = {isa = PBXFileReference; fileEncoding = 4; lastKnownFileType = sourcecode.c.h; path = JZLocationConverter.h; sourceTree = "<group>"; };
		E855B0701F64158B00E81647 /* JZLocationConverter.m */ = {isa = PBXFileReference; fileEncoding = 4; lastKnownFileType = sourcecode.c.objc; path = JZLocationConverter.m; sourceTree = "<group>"; };
		E855B0711F64158B00E81647 /* MapNavigationTool.h */ = {isa = PBXFileReference; fileEncoding = 4; lastKnownFileType = sourcecode.c.h; path = MapNavigationTool.h; sourceTree = "<group>"; };
		E855B0721F64158B00E81647 /* MapNavigationTool.m */ = {isa = PBXFileReference; fileEncoding = 4; lastKnownFileType = sourcecode.c.objc; path = MapNavigationTool.m; sourceTree = "<group>"; };
		E855B0771F641A3800E81647 /* UIColor+Extension.h */ = {isa = PBXFileReference; fileEncoding = 4; lastKnownFileType = sourcecode.c.h; path = "UIColor+Extension.h"; sourceTree = "<group>"; };
		E855B0781F641A3800E81647 /* UIColor+Extension.m */ = {isa = PBXFileReference; fileEncoding = 4; lastKnownFileType = sourcecode.c.objc; path = "UIColor+Extension.m"; sourceTree = "<group>"; };
		E855B07A1F641A5E00E81647 /* UIView+Extensions.h */ = {isa = PBXFileReference; fileEncoding = 4; lastKnownFileType = sourcecode.c.h; path = "UIView+Extensions.h"; sourceTree = "<group>"; };
		E855B07B1F641A5E00E81647 /* UIView+Extensions.m */ = {isa = PBXFileReference; fileEncoding = 4; lastKnownFileType = sourcecode.c.objc; path = "UIView+Extensions.m"; sourceTree = "<group>"; };
/* End PBXFileReference section */

/* Begin PBXFrameworksBuildPhase section */
		E855B0321F64157500E81647 /* Frameworks */ = {
			isa = PBXFrameworksBuildPhase;
			buildActionMask = 2147483647;
			files = (
			);
			runOnlyForDeploymentPostprocessing = 0;
		};
		E855B04B1F64157500E81647 /* Frameworks */ = {
			isa = PBXFrameworksBuildPhase;
			buildActionMask = 2147483647;
			files = (
			);
			runOnlyForDeploymentPostprocessing = 0;
		};
		E855B0561F64157500E81647 /* Frameworks */ = {
			isa = PBXFrameworksBuildPhase;
			buildActionMask = 2147483647;
			files = (
			);
			runOnlyForDeploymentPostprocessing = 0;
		};
/* End PBXFrameworksBuildPhase section */

/* Begin PBXGroup section */
		E855B02C1F64157500E81647 = {
			isa = PBXGroup;
			children = (
				E855B0371F64157500E81647 /* 导航Demo */,
				E855B0511F64157500E81647 /* 导航DemoTests */,
				E855B05C1F64157500E81647 /* 导航DemoUITests */,
				E855B0361F64157500E81647 /* Products */,
			);
			sourceTree = "<group>";
		};
		E855B0361F64157500E81647 /* Products */ = {
			isa = PBXGroup;
			children = (
				E855B0351F64157500E81647 /* 导航Demo.app */,
				E855B04E1F64157500E81647 /* 导航DemoTests.xctest */,
				E855B0591F64157500E81647 /* 导航DemoUITests.xctest */,
			);
			name = Products;
			sourceTree = "<group>";
		};
		E855B0371F64157500E81647 /* 导航Demo */ = {
			isa = PBXGroup;
			children = (
				E855B06B1F64158B00E81647 /* MapNavTool */,
				E855B03B1F64157500E81647 /* AppDelegate.h */,
				E855B03C1F64157500E81647 /* AppDelegate.m */,
				E855B03E1F64157500E81647 /* ViewController.h */,
				E855B03F1F64157500E81647 /* ViewController.m */,
				E855B0411F64157500E81647 /* Main.storyboard */,
				E855B0441F64157500E81647 /* Assets.xcassets */,
				E855B0461F64157500E81647 /* LaunchScreen.storyboard */,
				E855B0491F64157500E81647 /* Info.plist */,
				E855B0381F64157500E81647 /* Supporting Files */,
			);
			path = "导航Demo";
			sourceTree = "<group>";
		};
		E855B0381F64157500E81647 /* Supporting Files */ = {
			isa = PBXGroup;
			children = (
				E855B0391F64157500E81647 /* main.m */,
			);
			name = "Supporting Files";
			sourceTree = "<group>";
		};
		E855B0511F64157500E81647 /* 导航DemoTests */ = {
			isa = PBXGroup;
			children = (
				E855B0521F64157500E81647 /* __DemoTests.m */,
				E855B0541F64157500E81647 /* Info.plist */,
			);
			path = "导航DemoTests";
			sourceTree = "<group>";
		};
		E855B05C1F64157500E81647 /* 导航DemoUITests */ = {
			isa = PBXGroup;
			children = (
				E855B05D1F64157500E81647 /* __DemoUITests.m */,
				E855B05F1F64157500E81647 /* Info.plist */,
			);
			path = "导航DemoUITests";
			sourceTree = "<group>";
		};
		E855B06B1F64158B00E81647 /* MapNavTool */ = {
			isa = PBXGroup;
			children = (
				E855B0761F641A3800E81647 /* Extensions */,
				E855B06C1F64158B00E81647 /* CustomActionSheet.h */,
				E855B06D1F64158B00E81647 /* CustomActionSheet.m */,
				E855B06E1F64158B00E81647 /* JZLocationConverter */,
				E855B0711F64158B00E81647 /* MapNavigationTool.h */,
				E855B0721F64158B00E81647 /* MapNavigationTool.m */,
			);
			path = MapNavTool;
			sourceTree = "<group>";
		};
		E855B06E1F64158B00E81647 /* JZLocationConverter */ = {
			isa = PBXGroup;
			children = (
				E855B06F1F64158B00E81647 /* JZLocationConverter.h */,
				E855B0701F64158B00E81647 /* JZLocationConverter.m */,
			);
			path = JZLocationConverter;
			sourceTree = "<group>";
		};
		E855B0761F641A3800E81647 /* Extensions */ = {
			isa = PBXGroup;
			children = (
				E855B07A1F641A5E00E81647 /* UIView+Extensions.h */,
				E855B07B1F641A5E00E81647 /* UIView+Extensions.m */,
				E855B0771F641A3800E81647 /* UIColor+Extension.h */,
				E855B0781F641A3800E81647 /* UIColor+Extension.m */,
			);
			path = Extensions;
			sourceTree = "<group>";
		};
/* End PBXGroup section */

/* Begin PBXNativeTarget section */
		E855B0341F64157500E81647 /* 导航Demo */ = {
			isa = PBXNativeTarget;
			buildConfigurationList = E855B0621F64157500E81647 /* Build configuration list for PBXNativeTarget "导航Demo" */;
			buildPhases = (
				E855B0311F64157500E81647 /* Sources */,
				E855B0321F64157500E81647 /* Frameworks */,
				E855B0331F64157500E81647 /* Resources */,
			);
			buildRules = (
			);
			dependencies = (
			);
			name = "导航Demo";
			productName = "导航Demo";
			productReference = E855B0351F64157500E81647 /* 导航Demo.app */;
			productType = "com.apple.product-type.application";
		};
		E855B04D1F64157500E81647 /* 导航DemoTests */ = {
			isa = PBXNativeTarget;
			buildConfigurationList = E855B0651F64157500E81647 /* Build configuration list for PBXNativeTarget "导航DemoTests" */;
			buildPhases = (
				E855B04A1F64157500E81647 /* Sources */,
				E855B04B1F64157500E81647 /* Frameworks */,
				E855B04C1F64157500E81647 /* Resources */,
			);
			buildRules = (
			);
			dependencies = (
				E855B0501F64157500E81647 /* PBXTargetDependency */,
			);
			name = "导航DemoTests";
			productName = "导航DemoTests";
			productReference = E855B04E1F64157500E81647 /* 导航DemoTests.xctest */;
			productType = "com.apple.product-type.bundle.unit-test";
		};
		E855B0581F64157500E81647 /* 导航DemoUITests */ = {
			isa = PBXNativeTarget;
			buildConfigurationList = E855B0681F64157500E81647 /* Build configuration list for PBXNativeTarget "导航DemoUITests" */;
			buildPhases = (
				E855B0551F64157500E81647 /* Sources */,
				E855B0561F64157500E81647 /* Frameworks */,
				E855B0571F64157500E81647 /* Resources */,
			);
			buildRules = (
			);
			dependencies = (
				E855B05B1F64157500E81647 /* PBXTargetDependency */,
			);
			name = "导航DemoUITests";
			productName = "导航DemoUITests";
			productReference = E855B0591F64157500E81647 /* 导航DemoUITests.xctest */;
			productType = "com.apple.product-type.bundle.ui-testing";
		};
/* End PBXNativeTarget section */

/* Begin PBXProject section */
		E855B02D1F64157500E81647 /* Project object */ = {
			isa = PBXProject;
			attributes = {
				LastUpgradeCheck = 0830;
				ORGANIZATIONNAME = silence;
				TargetAttributes = {
					E855B0341F64157500E81647 = {
						CreatedOnToolsVersion = 8.3.3;
						DevelopmentTeam = 586CP9LFCN;
						ProvisioningStyle = Automatic;
					};
					E855B04D1F64157500E81647 = {
						CreatedOnToolsVersion = 8.3.3;
						DevelopmentTeam = 586CP9LFCN;
						ProvisioningStyle = Automatic;
						TestTargetID = E855B0341F64157500E81647;
					};
					E855B0581F64157500E81647 = {
						CreatedOnToolsVersion = 8.3.3;
						DevelopmentTeam = 586CP9LFCN;
						ProvisioningStyle = Automatic;
						TestTargetID = E855B0341F64157500E81647;
					};
				};
			};
			buildConfigurationList = E855B0301F64157500E81647 /* Build configuration list for PBXProject "导航Demo" */;
			compatibilityVersion = "Xcode 3.2";
			developmentRegion = English;
			hasScannedForEncodings = 0;
			knownRegions = (
				en,
				Base,
			);
			mainGroup = E855B02C1F64157500E81647;
			productRefGroup = E855B0361F64157500E81647 /* Products */;
			projectDirPath = "";
			projectRoot = "";
			targets = (
				E855B0341F64157500E81647 /* 导航Demo */,
				E855B04D1F64157500E81647 /* 导航DemoTests */,
				E855B0581F64157500E81647 /* 导航DemoUITests */,
			);
		};
/* End PBXProject section */

/* Begin PBXResourcesBuildPhase section */
		E855B0331F64157500E81647 /* Resources */ = {
			isa = PBXResourcesBuildPhase;
			buildActionMask = 2147483647;
			files = (
				E855B0481F64157500E81647 /* LaunchScreen.storyboard in Resources */,
				E855B0451F64157500E81647 /* Assets.xcassets in Resources */,
				E855B0431F64157500E81647 /* Main.storyboard in Resources */,
			);
			runOnlyForDeploymentPostprocessing = 0;
		};
		E855B04C1F64157500E81647 /* Resources */ = {
			isa = PBXResourcesBuildPhase;
			buildActionMask = 2147483647;
			files = (
			);
			runOnlyForDeploymentPostprocessing = 0;
		};
		E855B0571F64157500E81647 /* Resources */ = {
			isa = PBXResourcesBuildPhase;
			buildActionMask = 2147483647;
			files = (
			);
			runOnlyForDeploymentPostprocessing = 0;
		};
/* End PBXResourcesBuildPhase section */

/* Begin PBXSourcesBuildPhase section */
		E855B0311F64157500E81647 /* Sources */ = {
			isa = PBXSourcesBuildPhase;
			buildActionMask = 2147483647;
			files = (
				E855B0731F64158B00E81647 /* CustomActionSheet.m in Sources */,
				E855B0401F64157500E81647 /* ViewController.m in Sources */,
				E855B07C1F641A5E00E81647 /* UIView+Extensions.m in Sources */,
				E855B03D1F64157500E81647 /* AppDelegate.m in Sources */,
				E855B0791F641A3800E81647 /* UIColor+Extension.m in Sources */,
				E855B0741F64158B00E81647 /* JZLocationConverter.m in Sources */,
				E855B0751F64158B00E81647 /* MapNavigationTool.m in Sources */,
				E855B03A1F64157500E81647 /* main.m in Sources */,
			);
			runOnlyForDeploymentPostprocessing = 0;
		};
		E855B04A1F64157500E81647 /* Sources */ = {
			isa = PBXSourcesBuildPhase;
			buildActionMask = 2147483647;
			files = (
				E855B0531F64157500E81647 /* __DemoTests.m in Sources */,
			);
			runOnlyForDeploymentPostprocessing = 0;
		};
		E855B0551F64157500E81647 /* Sources */ = {
			isa = PBXSourcesBuildPhase;
			buildActionMask = 2147483647;
			files = (
				E855B05E1F64157500E81647 /* __DemoUITests.m in Sources */,
			);
			runOnlyForDeploymentPostprocessing = 0;
		};
/* End PBXSourcesBuildPhase section */

/* Begin PBXTargetDependency section */
		E855B0501F64157500E81647 /* PBXTargetDependency */ = {
			isa = PBXTargetDependency;
			target = E855B0341F64157500E81647 /* 导航Demo */;
			targetProxy = E855B04F1F64157500E81647 /* PBXContainerItemProxy */;
		};
		E855B05B1F64157500E81647 /* PBXTargetDependency */ = {
			isa = PBXTargetDependency;
			target = E855B0341F64157500E81647 /* 导航Demo */;
			targetProxy = E855B05A1F64157500E81647 /* PBXContainerItemProxy */;
		};
/* End PBXTargetDependency section */

/* Begin PBXVariantGroup section */
		E855B0411F64157500E81647 /* Main.storyboard */ = {
			isa = PBXVariantGroup;
			children = (
				E855B0421F64157500E81647 /* Base */,
			);
			name = Main.storyboard;
			sourceTree = "<group>";
		};
		E855B0461F64157500E81647 /* LaunchScreen.storyboard */ = {
			isa = PBXVariantGroup;
			children = (
				E855B0471F64157500E81647 /* Base */,
			);
			name = LaunchScreen.storyboard;
			sourceTree = "<group>";
		};
/* End PBXVariantGroup section */

/* Begin XCBuildConfiguration section */
		E855B0601F64157500E81647 /* Debug */ = {
			isa = XCBuildConfiguration;
			buildSettings = {
				ALWAYS_SEARCH_USER_PATHS = NO;
				CLANG_ANALYZER_NONNULL = YES;
				CLANG_ANALYZER_NUMBER_OBJECT_CONVERSION = YES_AGGRESSIVE;
				CLANG_CXX_LANGUAGE_STANDARD = "gnu++0x";
				CLANG_CXX_LIBRARY = "libc++";
				CLANG_ENABLE_MODULES = YES;
				CLANG_ENABLE_OBJC_ARC = YES;
				CLANG_WARN_BOOL_CONVERSION = YES;
				CLANG_WARN_CONSTANT_CONVERSION = YES;
				CLANG_WARN_DIRECT_OBJC_ISA_USAGE = YES_ERROR;
				CLANG_WARN_DOCUMENTATION_COMMENTS = YES;
				CLANG_WARN_EMPTY_BODY = YES;
				CLANG_WARN_ENUM_CONVERSION = YES;
				CLANG_WARN_INFINITE_RECURSION = YES;
				CLANG_WARN_INT_CONVERSION = YES;
				CLANG_WARN_OBJC_ROOT_CLASS = YES_ERROR;
				CLANG_WARN_SUSPICIOUS_MOVE = YES;
				CLANG_WARN_UNREACHABLE_CODE = YES;
				CLANG_WARN__DUPLICATE_METHOD_MATCH = YES;
				"CODE_SIGN_IDENTITY[sdk=iphoneos*]" = "iPhone Developer";
				COPY_PHASE_STRIP = NO;
				DEBUG_INFORMATION_FORMAT = dwarf;
				ENABLE_STRICT_OBJC_MSGSEND = YES;
				ENABLE_TESTABILITY = YES;
				GCC_C_LANGUAGE_STANDARD = gnu99;
				GCC_DYNAMIC_NO_PIC = NO;
				GCC_NO_COMMON_BLOCKS = YES;
				GCC_OPTIMIZATION_LEVEL = 0;
				GCC_PREPROCESSOR_DEFINITIONS = (
					"DEBUG=1",
					"$(inherited)",
				);
				GCC_WARN_64_TO_32_BIT_CONVERSION = YES;
				GCC_WARN_ABOUT_RETURN_TYPE = YES_ERROR;
				GCC_WARN_UNDECLARED_SELECTOR = YES;
				GCC_WARN_UNINITIALIZED_AUTOS = YES_AGGRESSIVE;
				GCC_WARN_UNUSED_FUNCTION = YES;
				GCC_WARN_UNUSED_VARIABLE = YES;
				IPHONEOS_DEPLOYMENT_TARGET = 10.3;
				MTL_ENABLE_DEBUG_INFO = YES;
				ONLY_ACTIVE_ARCH = YES;
				SDKROOT = iphoneos;
				TARGETED_DEVICE_FAMILY = "1,2";
			};
			name = Debug;
		};
		E855B0611F64157500E81647 /* Release */ = {
			isa = XCBuildConfiguration;
			buildSettings = {
				ALWAYS_SEARCH_USER_PATHS = NO;
				CLANG_ANALYZER_NONNULL = YES;
				CLANG_ANALYZER_NUMBER_OBJECT_CONVERSION = YES_AGGRESSIVE;
				CLANG_CXX_LANGUAGE_STANDARD = "gnu++0x";
				CLANG_CXX_LIBRARY = "libc++";
				CLANG_ENABLE_MODULES = YES;
				CLANG_ENABLE_OBJC_ARC = YES;
				CLANG_WARN_BOOL_CONVERSION = YES;
				CLANG_WARN_CONSTANT_CONVERSION = YES;
				CLANG_WARN_DIRECT_OBJC_ISA_USAGE = YES_ERROR;
				CLANG_WARN_DOCUMENTATION_COMMENTS = YES;
				CLANG_WARN_EMPTY_BODY = YES;
				CLANG_WARN_ENUM_CONVERSION = YES;
				CLANG_WARN_INFINITE_RECURSION = YES;
				CLANG_WARN_INT_CONVERSION = YES;
				CLANG_WARN_OBJC_ROOT_CLASS = YES_ERROR;
				CLANG_WARN_SUSPICIOUS_MOVE = YES;
				CLANG_WARN_UNREACHABLE_CODE = YES;
				CLANG_WARN__DUPLICATE_METHOD_MATCH = YES;
				"CODE_SIGN_IDENTITY[sdk=iphoneos*]" = "iPhone Developer";
				COPY_PHASE_STRIP = NO;
				DEBUG_INFORMATION_FORMAT = "dwarf-with-dsym";
				ENABLE_NS_ASSERTIONS = NO;
				ENABLE_STRICT_OBJC_MSGSEND = YES;
				GCC_C_LANGUAGE_STANDARD = gnu99;
				GCC_NO_COMMON_BLOCKS = YES;
				GCC_WARN_64_TO_32_BIT_CONVERSION = YES;
				GCC_WARN_ABOUT_RETURN_TYPE = YES_ERROR;
				GCC_WARN_UNDECLARED_SELECTOR = YES;
				GCC_WARN_UNINITIALIZED_AUTOS = YES_AGGRESSIVE;
				GCC_WARN_UNUSED_FUNCTION = YES;
				GCC_WARN_UNUSED_VARIABLE = YES;
				IPHONEOS_DEPLOYMENT_TARGET = 10.3;
				MTL_ENABLE_DEBUG_INFO = NO;
				SDKROOT = iphoneos;
				TARGETED_DEVICE_FAMILY = "1,2";
				VALIDATE_PRODUCT = YES;
			};
			name = Release;
		};
		E855B0631F64157500E81647 /* Debug */ = {
			isa = XCBuildConfiguration;
			buildSettings = {
				ASSETCATALOG_COMPILER_APPICON_NAME = AppIcon;
				DEVELOPMENT_TEAM = 586CP9LFCN;
				INFOPLIST_FILE = "导航Demo/Info.plist";
				IPHONEOS_DEPLOYMENT_TARGET = 8.0;
				LD_RUNPATH_SEARCH_PATHS = "$(inherited) @executable_path/Frameworks";
				PRODUCT_BUNDLE_IDENTIFIER = "com.silence.--Demo";
				PRODUCT_NAME = "$(TARGET_NAME)";
			};
			name = Debug;
		};
		E855B0641F64157500E81647 /* Release */ = {
			isa = XCBuildConfiguration;
			buildSettings = {
				ASSETCATALOG_COMPILER_APPICON_NAME = AppIcon;
				DEVELOPMENT_TEAM = 586CP9LFCN;
				INFOPLIST_FILE = "导航Demo/Info.plist";
				IPHONEOS_DEPLOYMENT_TARGET = 8.0;
				LD_RUNPATH_SEARCH_PATHS = "$(inherited) @executable_path/Frameworks";
				PRODUCT_BUNDLE_IDENTIFIER = "com.silence.--Demo";
				PRODUCT_NAME = "$(TARGET_NAME)";
			};
			name = Release;
		};
		E855B0661F64157500E81647 /* Debug */ = {
			isa = XCBuildConfiguration;
			buildSettings = {
				BUNDLE_LOADER = "$(TEST_HOST)";
				DEVELOPMENT_TEAM = 586CP9LFCN;
				INFOPLIST_FILE = "导航DemoTests/Info.plist";
				LD_RUNPATH_SEARCH_PATHS = "$(inherited) @executable_path/Frameworks @loader_path/Frameworks";
				PRODUCT_BUNDLE_IDENTIFIER = "com.silence.--DemoTests";
				PRODUCT_NAME = "$(TARGET_NAME)";
				TEST_HOST = "$(BUILT_PRODUCTS_DIR)/导航Demo.app/导航Demo";
			};
			name = Debug;
		};
		E855B0671F64157500E81647 /* Release */ = {
			isa = XCBuildConfiguration;
			buildSettings = {
				BUNDLE_LOADER = "$(TEST_HOST)";
				DEVELOPMENT_TEAM = 586CP9LFCN;
				INFOPLIST_FILE = "导航DemoTests/Info.plist";
				LD_RUNPATH_SEARCH_PATHS = "$(inherited) @executable_path/Frameworks @loader_path/Frameworks";
				PRODUCT_BUNDLE_IDENTIFIER = "com.silence.--DemoTests";
				PRODUCT_NAME = "$(TARGET_NAME)";
				TEST_HOST = "$(BUILT_PRODUCTS_DIR)/导航Demo.app/导航Demo";
			};
			name = Release;
		};
		E855B0691F64157500E81647 /* Debug */ = {
			isa = XCBuildConfiguration;
			buildSettings = {
				DEVELOPMENT_TEAM = 586CP9LFCN;
				INFOPLIST_FILE = "导航DemoUITests/Info.plist";
				LD_RUNPATH_SEARCH_PATHS = "$(inherited) @executable_path/Frameworks @loader_path/Frameworks";
				PRODUCT_BUNDLE_IDENTIFIER = "com.silence.--DemoUITests";
				PRODUCT_NAME = "$(TARGET_NAME)";
				TEST_TARGET_NAME = "导航Demo";
			};
			name = Debug;
		};
		E855B06A1F64157500E81647 /* Release */ = {
			isa = XCBuildConfiguration;
			buildSettings = {
				DEVELOPMENT_TEAM = 586CP9LFCN;
				INFOPLIST_FILE = "导航DemoUITests/Info.plist";
				LD_RUNPATH_SEARCH_PATHS = "$(inherited) @executable_path/Frameworks @loader_path/Frameworks";
				PRODUCT_BUNDLE_IDENTIFIER = "com.silence.--DemoUITests";
				PRODUCT_NAME = "$(TARGET_NAME)";
				TEST_TARGET_NAME = "导航Demo";
			};
			name = Release;
		};
/* End XCBuildConfiguration section */

/* Begin XCConfigurationList section */
		E855B0301F64157500E81647 /* Build configuration list for PBXProject "导航Demo" */ = {
			isa = XCConfigurationList;
			buildConfigurations = (
				E855B0601F64157500E81647 /* Debug */,
				E855B0611F64157500E81647 /* Release */,
			);
			defaultConfigurationIsVisible = 0;
			defaultConfigurationName = Release;
		};
		E855B0621F64157500E81647 /* Build configuration list for PBXNativeTarget "导航Demo" */ = {
			isa = XCConfigurationList;
			buildConfigurations = (
				E855B0631F64157500E81647 /* Debug */,
				E855B0641F64157500E81647 /* Release */,
			);
			defaultConfigurationIsVisible = 0;
		};
		E855B0651F64157500E81647 /* Build configuration list for PBXNativeTarget "导航DemoTests" */ = {
			isa = XCConfigurationList;
			buildConfigurations = (
				E855B0661F64157500E81647 /* Debug */,
				E855B0671F64157500E81647 /* Release */,
			);
			defaultConfigurationIsVisible = 0;
		};
		E855B0681F64157500E81647 /* Build configuration list for PBXNativeTarget "导航DemoUITests" */ = {
			isa = XCConfigurationList;
			buildConfigurations = (
				E855B0691F64157500E81647 /* Debug */,
				E855B06A1F64157500E81647 /* Release */,
			);
			defaultConfigurationIsVisible = 0;
		};
/* End XCConfigurationList section */
	};
	rootObject = E855B02D1F64157500E81647 /* Project object */;
}
